
Microsoft Visual Studio Solution File, Format Version 12.00
# Visual Studio 15
VisualStudioVersion = 15.0.26730.10
MinimumVisualStudioVersion = 10.0.40219.1
Project("{FAE04EC0-301F-11D3-BF4B-00C04F79EFBC}") = "WebAPITestApp", "WebAPITestApp\WebAPITestApp.csproj", "{3EC83A4B-E5AC-466F-8FDB-BD4756BA10E2}"
EndProject
Global
	GlobalSection(SolutionConfigurationPlatforms) = preSolution
		Debug|Any CPU = Debug|Any CPU
		Release|Any CPU = Release|Any CPU
	EndGlobalSection
	GlobalSection(ProjectConfigurationPlatforms) = postSolution
		{3EC83A4B-E5AC-466F-8FDB-BD4756BA10E2}.Debug|Any CPU.ActiveCfg = Debug|Any CPU
		{3EC83A4B-E5AC-466F-8FDB-BD4756BA10E2}.Debug|Any CPU.Build.0 = Debug|Any CPU
		{3EC83A4B-E5AC-466F-8FDB-BD4756BA10E2}.Release|Any CPU.ActiveCfg = Release|Any CPU
		{3EC83A4B-E5AC-466F-8FDB-BD4756BA10E2}.Release|Any CPU.Build.0 = Release|Any CPU
	EndGlobalSection
	GlobalSection(SolutionProperties) = preSolution
		HideSolutionNode = FALSE
	EndGlobalSection
	GlobalSection(ExtensibilityGlobals) = postSolution
		SolutionGuid = {45A19463-A87F-4FCF-AA3C-1E7F78FD5A69}
	EndGlobalSection
EndGlobal
